
Microsoft Visual Studio Solution File, Format Version 12.00
# Visual Studio Version 16
VisualStudioVersion = 16.0.29102.190
MinimumVisualStudioVersion = 10.0.40219.1
Project("{9A19103F-16F7-4668-BE54-9A1E7A4F7556}") = "HelloWorld", "HelloWorld.csproj", "{6A175FD6-ACED-4EF2-A2F1-4A7F377AFE16}"
EndProject
Global
	GlobalSection(SolutionConfigurationPlatforms) = preSolution
		Debug|Any CPU = Debug|Any CPU
		Release|Any CPU = Release|Any CPU
	EndGlobalSection
	GlobalSection(ProjectConfigurationPlatforms) = postSolution
		{6A175FD6-ACED-4EF2-A2F1-4A7F377AFE16}.Debug|Any CPU.ActiveCfg = Debug|Any CPU
		{6A175FD6-ACED-4EF2-A2F1-4A7F377AFE16}.Debug|Any CPU.Build.0 = Debug|Any CPU
		{6A175FD6-ACED-4EF2-A2F1-4A7F377AFE16}.Release|Any CPU.ActiveCfg = Release|Any CPU
		{6A175FD6-ACED-4EF2-A2F1-4A7F377AFE16}.Release|Any CPU.Build.0 = Release|Any CPU
	EndGlobalSection
	GlobalSection(SolutionProperties) = preSolution
		HideSolutionNode = FALSE
	EndGlobalSection
	GlobalSection(ExtensibilityGlobals) = postSolution
		SolutionGuid = {D0DA8A30-4149-4C77-A22A-1B7D715000A6}
	EndGlobalSection
EndGlobal
